// !$*UTF8*$!
{
	archiveVersion = 1;
	classes = {
	};
	objectVersion = 46;
	objects = {

/* Begin PBXBuildFile section */
		691EEF5B1E2E01EA00F195C6 /* Documentation.html in Resources */ = {isa = PBXBuildFile; fileRef = 691EEF561E2E01EA00F195C6 /* Documentation.html */; };
		691EEF5C1E2E01EA00F195C6 /* GCDAsyncSocket.m in Sources */ = {isa = PBXBuildFile; fileRef = 691EEF581E2E01EA00F195C6 /* GCDAsyncSocket.m */; };
		691EEF5D1E2E01EA00F195C6 /* GCDAsyncUdpSocket.m in Sources */ = {isa = PBXBuildFile; fileRef = 691EEF5A1E2E01EA00F195C6 /* GCDAsyncUdpSocket.m */; };
		691EEF641E2F082A00F195C6 /* BDecoder.m in Sources */ = {isa = PBXBuildFile; fileRef = 691EEF631E2F082A00F195C6 /* BDecoder.m */; };
		691EEF751E2F88A200F195C6 /* AFHTTPSessionManager.m in Sources */ = {isa = PBXBuildFile; fileRef = 691EEF691E2F88A200F195C6 /* AFHTTPSessionManager.m */; };
		691EEF761E2F88A200F195C6 /* AFNetworkReachabilityManager.m in Sources */ = {isa = PBXBuildFile; fileRef = 691EEF6C1E2F88A200F195C6 /* AFNetworkReachabilityManager.m */; };
		691EEF771E2F88A200F195C6 /* AFSecurityPolicy.m in Sources */ = {isa = PBXBuildFile; fileRef = 691EEF6E1E2F88A200F195C6 /* AFSecurityPolicy.m */; };
		691EEF781E2F88A200F195C6 /* AFURLRequestSerialization.m in Sources */ = {isa = PBXBuildFile; fileRef = 691EEF701E2F88A200F195C6 /* AFURLRequestSerialization.m */; };
		691EEF791E2F88A200F195C6 /* AFURLResponseSerialization.m in Sources */ = {isa = PBXBuildFile; fileRef = 691EEF721E2F88A200F195C6 /* AFURLResponseSerialization.m */; };
		691EEF7A1E2F88A200F195C6 /* AFURLSessionManager.m in Sources */ = {isa = PBXBuildFile; fileRef = 691EEF741E2F88A200F195C6 /* AFURLSessionManager.m */; };
		691EEFA11E31E61B00F195C6 /* abc.txt in Resources */ = {isa = PBXBuildFile; fileRef = 691EEF951E31E61B00F195C6 /* abc.txt */; };
		691EEFA21E31E61B00F195C6 /* Assets.xcassets in Resources */ = {isa = PBXBuildFile; fileRef = 691EEF961E31E61B00F195C6 /* Assets.xcassets */; };
		691EEFA31E31E61B00F195C6 /* LaunchScreen.storyboard in Resources */ = {isa = PBXBuildFile; fileRef = 691EEF971E31E61B00F195C6 /* LaunchScreen.storyboard */; };
		691EEFA41E31E61B00F195C6 /* Main.storyboard in Resources */ = {isa = PBXBuildFile; fileRef = 691EEF991E31E61B00F195C6 /* Main.storyboard */; };
		691EEFA51E31E61B00F195C6 /* Info.plist in Resources */ = {isa = PBXBuildFile; fileRef = 691EEF9B1E31E61B00F195C6 /* Info.plist */; };
		691EEFA61E31E61B00F195C6 /* main.m in Sources */ = {isa = PBXBuildFile; fileRef = 691EEF9C1E31E61B00F195C6 /* main.m */; };
		691EEFA71E31E61B00F195C6 /* shadowhunters the mortal instruments s02e02 hdtv x264-fleeteztv mkv.torrent in Resources */ = {isa = PBXBuildFile; fileRef = 691EEF9D1E31E61B00F195C6 /* shadowhunters the mortal instruments s02e02 hdtv x264-fleeteztv mkv.torrent */; };
		691EEFA81E31E61B00F195C6 /* test 2.txt in Resources */ = {isa = PBXBuildFile; fileRef = 691EEF9E1E31E61B00F195C6 /* test 2.txt */; };
		691EEFA91E31E61B00F195C6 /* test.torrent in Resources */ = {isa = PBXBuildFile; fileRef = 691EEF9F1E31E61B00F195C6 /* test.torrent */; };
		691EEFAA1E31E61B00F195C6 /* 功夫熊猫3.Kung.Fu.Panda.3.2016.Bluray.1080p.DTS-HD-7.1.x264-Grym.13.26GB[BTBT.INFO].torrent in Resources */ = {isa = PBXBuildFile; fileRef = 691EEFA01E31E61B00F195C6 /* 功夫熊猫3.Kung.Fu.Panda.3.2016.Bluray.1080p.DTS-HD-7.1.x264-Grym.13.26GB[BTBT.INFO].torrent */; };
		691EEFAE1E31E6C500F195C6 /* NSObject+Entity.m in Sources */ = {isa = PBXBuildFile; fileRef = 691EEFAD1E31E6C500F195C6 /* NSObject+Entity.m */; };
		691EEFB01E32121000F195C6 /* 3DMGAME-The.Elder.Scrolls.V.Skyrim.Special.Edition.Cracked-3DM.torrent in Resources */ = {isa = PBXBuildFile; fileRef = 691EEFAF1E32121000F195C6 /* 3DMGAME-The.Elder.Scrolls.V.Skyrim.Special.Edition.Cracked-3DM.torrent */; };
		691EEFE41E35CD8D00F195C6 /* NetManager.m in Sources */ = {isa = PBXBuildFile; fileRef = 691EEFE31E35CD8D00F195C6 /* NetManager.m */; };
		691EEFE71E35EAA200F195C6 /* Tracker.m in Sources */ = {isa = PBXBuildFile; fileRef = 691EEFE61E35EAA200F195C6 /* Tracker.m */; };
		691EEFEA1E35EAC300F195C6 /* Announce.m in Sources */ = {isa = PBXBuildFile; fileRef = 691EEFE91E35EAC300F195C6 /* Announce.m */; };
		69ED71A61E13A1A400E88CEB /* AppDelegate.m in Sources */ = {isa = PBXBuildFile; fileRef = 69ED71A51E13A1A400E88CEB /* AppDelegate.m */; };
		69ED71A91E13A1A400E88CEB /* ViewController.m in Sources */ = {isa = PBXBuildFile; fileRef = 69ED71A81E13A1A400E88CEB /* ViewController.m */; };
		69ED71BA1E13AC4000E88CEB /* ViewController2.m in Sources */ = {isa = PBXBuildFile; fileRef = 69ED71B91E13AC4000E88CEB /* ViewController2.m */; };
/* End PBXBuildFile section */

/* Begin PBXFileReference section */
		691EEF541E2E01EA00F195C6 /* CocoaAsyncSocket.h */ = {isa = PBXFileReference; fileEncoding = 4; lastKnownFileType = sourcecode.c.h; path = CocoaAsyncSocket.h; sourceTree = "<group>"; };
		691EEF561E2E01EA00F195C6 /* Documentation.html */ = {isa = PBXFileReference; fileEncoding = 4; lastKnownFileType = text.html; path = Documentation.html; sourceTree = "<group>"; };
		691EEF571E2E01EA00F195C6 /* GCDAsyncSocket.h */ = {isa = PBXFileReference; fileEncoding = 4; lastKnownFileType = sourcecode.c.h; path = GCDAsyncSocket.h; sourceTree = "<group>"; };
		691EEF581E2E01EA00F195C6 /* GCDAsyncSocket.m */ = {isa = PBXFileReference; fileEncoding = 4; lastKnownFileType = sourcecode.c.objc; path = GCDAsyncSocket.m; sourceTree = "<group>"; };
		691EEF591E2E01EA00F195C6 /* GCDAsyncUdpSocket.h */ = {isa = PBXFileReference; fileEncoding = 4; lastKnownFileType = sourcecode.c.h; path = GCDAsyncUdpSocket.h; sourceTree = "<group>"; };
		691EEF5A1E2E01EA00F195C6 /* GCDAsyncUdpSocket.m */ = {isa = PBXFileReference; fileEncoding = 4; lastKnownFileType = sourcecode.c.objc; path = GCDAsyncUdpSocket.m; sourceTree = "<group>"; };
		691EEF621E2F082A00F195C6 /* BDecoder.h */ = {isa = PBXFileReference; fileEncoding = 4; lastKnownFileType = sourcecode.c.h; path = BDecoder.h; sourceTree = "<group>"; };
		691EEF631E2F082A00F195C6 /* BDecoder.m */ = {isa = PBXFileReference; fileEncoding = 4; lastKnownFileType = sourcecode.c.objc; path = BDecoder.m; sourceTree = "<group>"; };
		691EEF681E2F88A200F195C6 /* AFHTTPSessionManager.h */ = {isa = PBXFileReference; fileEncoding = 4; lastKnownFileType = sourcecode.c.h; path = AFHTTPSessionManager.h; sourceTree = "<group>"; };
		691EEF691E2F88A200F195C6 /* AFHTTPSessionManager.m */ = {isa = PBXFileReference; fileEncoding = 4; lastKnownFileType = sourcecode.c.objc; path = AFHTTPSessionManager.m; sourceTree = "<group>"; };
		691EEF6A1E2F88A200F195C6 /* AFNetworking.h */ = {isa = PBXFileReference; fileEncoding = 4; lastKnownFileType = sourcecode.c.h; path = AFNetworking.h; sourceTree = "<group>"; };
		691EEF6B1E2F88A200F195C6 /* AFNetworkReachabilityManager.h */ = {isa = PBXFileReference; fileEncoding = 4; lastKnownFileType = sourcecode.c.h; path = AFNetworkReachabilityManager.h; sourceTree = "<group>"; };
		691EEF6C1E2F88A200F195C6 /* AFNetworkReachabilityManager.m */ = {isa = PBXFileReference; fileEncoding = 4; lastKnownFileType = sourcecode.c.objc; path = AFNetworkReachabilityManager.m; sourceTree = "<group>"; };
		691EEF6D1E2F88A200F195C6 /* AFSecurityPolicy.h */ = {isa = PBXFileReference; fileEncoding = 4; lastKnownFileType = sourcecode.c.h; path = AFSecurityPolicy.h; sourceTree = "<group>"; };
		691EEF6E1E2F88A200F195C6 /* AFSecurityPolicy.m */ = {isa = PBXFileReference; fileEncoding = 4; lastKnownFileType = sourcecode.c.objc; path = AFSecurityPolicy.m; sourceTree = "<group>"; };
		691EEF6F1E2F88A200F195C6 /* AFURLRequestSerialization.h */ = {isa = PBXFileReference; fileEncoding = 4; lastKnownFileType = sourcecode.c.h; path = AFURLRequestSerialization.h; sourceTree = "<group>"; };
		691EEF701E2F88A200F195C6 /* AFURLRequestSerialization.m */ = {isa = PBXFileReference; fileEncoding = 4; lastKnownFileType = sourcecode.c.objc; path = AFURLRequestSerialization.m; sourceTree = "<group>"; };
		691EEF711E2F88A200F195C6 /* AFURLResponseSerialization.h */ = {isa = PBXFileReference; fileEncoding = 4; lastKnownFileType = sourcecode.c.h; path = AFURLResponseSerialization.h; sourceTree = "<group>"; };
		691EEF721E2F88A200F195C6 /* AFURLResponseSerialization.m */ = {isa = PBXFileReference; fileEncoding = 4; lastKnownFileType = sourcecode.c.objc; path = AFURLResponseSerialization.m; sourceTree = "<group>"; };
		691EEF731E2F88A200F195C6 /* AFURLSessionManager.h */ = {isa = PBXFileReference; fileEncoding = 4; lastKnownFileType = sourcecode.c.h; path = AFURLSessionManager.h; sourceTree = "<group>"; };
		691EEF741E2F88A200F195C6 /* AFURLSessionManager.m */ = {isa = PBXFileReference; fileEncoding = 4; lastKnownFileType = sourcecode.c.objc; path = AFURLSessionManager.m; sourceTree = "<group>"; };
		691EEF951E31E61B00F195C6 /* abc.txt */ = {isa = PBXFileReference; fileEncoding = 4; lastKnownFileType = text; path = abc.txt; sourceTree = "<group>"; };
		691EEF961E31E61B00F195C6 /* Assets.xcassets */ = {isa = PBXFileReference; lastKnownFileType = folder.assetcatalog; path = Assets.xcassets; sourceTree = "<group>"; };
		691EEF981E31E61B00F195C6 /* Base */ = {isa = PBXFileReference; lastKnownFileType = file.storyboard; name = Base; path = Base.lproj/LaunchScreen.storyboard; sourceTree = "<group>"; };
		691EEF9A1E31E61B00F195C6 /* Base */ = {isa = PBXFileReference; lastKnownFileType = file.storyboard; name = Base; path = Base.lproj/Main.storyboard; sourceTree = "<group>"; };
		691EEF9B1E31E61B00F195C6 /* Info.plist */ = {isa = PBXFileReference; fileEncoding = 4; lastKnownFileType = text.plist.xml; path = Info.plist; sourceTree = "<group>"; };
		691EEF9C1E31E61B00F195C6 /* main.m */ = {isa = PBXFileReference; fileEncoding = 4; lastKnownFileType = sourcecode.c.objc; path = main.m; sourceTree = "<group>"; };
		691EEF9D1E31E61B00F195C6 /* shadowhunters the mortal instruments s02e02 hdtv x264-fleeteztv mkv.torrent */ = {isa = PBXFileReference; fileEncoding = 4; lastKnownFileType = text; path = "shadowhunters the mortal instruments s02e02 hdtv x264-fleeteztv mkv.torrent"; sourceTree = "<group>"; };
		691EEF9E1E31E61B00F195C6 /* test 2.txt */ = {isa = PBXFileReference; fileEncoding = 4; lastKnownFileType = text; path = "test 2.txt"; sourceTree = "<group>"; };
		691EEF9F1E31E61B00F195C6 /* test.torrent */ = {isa = PBXFileReference; fileEncoding = 4; lastKnownFileType = text; path = test.torrent; sourceTree = "<group>"; };
		691EEFA01E31E61B00F195C6 /* 功夫熊猫3.Kung.Fu.Panda.3.2016.Bluray.1080p.DTS-HD-7.1.x264-Grym.13.26GB[BTBT.INFO].torrent */ = {isa = PBXFileReference; fileEncoding = 4; lastKnownFileType = text; path = "功夫熊猫3.Kung.Fu.Panda.3.2016.Bluray.1080p.DTS-HD-7.1.x264-Grym.13.26GB[BTBT.INFO].torrent"; sourceTree = "<group>"; };
		691EEFAB1E31E65400F195C6 /* PrefixHeader.pch */ = {isa = PBXFileReference; lastKnownFileType = sourcecode.c.h; path = PrefixHeader.pch; sourceTree = "<group>"; };
		691EEFAC1E31E6C500F195C6 /* NSObject+Entity.h */ = {isa = PBXFileReference; fileEncoding = 4; lastKnownFileType = sourcecode.c.h; path = "NSObject+Entity.h"; sourceTree = "<group>"; };
		691EEFAD1E31E6C500F195C6 /* NSObject+Entity.m */ = {isa = PBXFileReference; fileEncoding = 4; lastKnownFileType = sourcecode.c.objc; path = "NSObject+Entity.m"; sourceTree = "<group>"; };
		691EEFAF1E32121000F195C6 /* 3DMGAME-The.Elder.Scrolls.V.Skyrim.Special.Edition.Cracked-3DM.torrent */ = {isa = PBXFileReference; fileEncoding = 4; lastKnownFileType = text; path = "3DMGAME-The.Elder.Scrolls.V.Skyrim.Special.Edition.Cracked-3DM.torrent"; sourceTree = "<group>"; };
		691EEFE21E35CD8D00F195C6 /* NetManager.h */ = {isa = PBXFileReference; fileEncoding = 4; lastKnownFileType = sourcecode.c.h; path = NetManager.h; sourceTree = "<group>"; };
		691EEFE31E35CD8D00F195C6 /* NetManager.m */ = {isa = PBXFileReference; fileEncoding = 4; lastKnownFileType = sourcecode.c.objc; path = NetManager.m; sourceTree = "<group>"; };
		691EEFE51E35EAA200F195C6 /* Tracker.h */ = {isa = PBXFileReference; fileEncoding = 4; lastKnownFileType = sourcecode.c.h; path = Tracker.h; sourceTree = "<group>"; };
		691EEFE61E35EAA200F195C6 /* Tracker.m */ = {isa = PBXFileReference; fileEncoding = 4; lastKnownFileType = sourcecode.c.objc; path = Tracker.m; sourceTree = "<group>"; };
		691EEFE81E35EAC300F195C6 /* Announce.h */ = {isa = PBXFileReference; fileEncoding = 4; lastKnownFileType = sourcecode.c.h; path = Announce.h; sourceTree = "<group>"; };
		691EEFE91E35EAC300F195C6 /* Announce.m */ = {isa = PBXFileReference; fileEncoding = 4; lastKnownFileType = sourcecode.c.objc; path = Announce.m; sourceTree = "<group>"; };
		69ED719E1E13A1A400E88CEB /* DingHaoReader.app */ = {isa = PBXFileReference; explicitFileType = wrapper.application; includeInIndex = 0; path = DingHaoReader.app; sourceTree = BUILT_PRODUCTS_DIR; };
		69ED71A41E13A1A400E88CEB /* AppDelegate.h */ = {isa = PBXFileReference; lastKnownFileType = sourcecode.c.h; path = AppDelegate.h; sourceTree = "<group>"; };
		69ED71A51E13A1A400E88CEB /* AppDelegate.m */ = {isa = PBXFileReference; lastKnownFileType = sourcecode.c.objc; path = AppDelegate.m; sourceTree = "<group>"; };
		69ED71A71E13A1A400E88CEB /* ViewController.h */ = {isa = PBXFileReference; lastKnownFileType = sourcecode.c.h; path = ViewController.h; sourceTree = "<group>"; };
		69ED71A81E13A1A400E88CEB /* ViewController.m */ = {isa = PBXFileReference; lastKnownFileType = sourcecode.c.objc; path = ViewController.m; sourceTree = "<group>"; };
		69ED71B81E13AC4000E88CEB /* ViewController2.h */ = {isa = PBXFileReference; fileEncoding = 4; lastKnownFileType = sourcecode.c.h; path = ViewController2.h; sourceTree = "<group>"; };
		69ED71B91E13AC4000E88CEB /* ViewController2.m */ = {isa = PBXFileReference; fileEncoding = 4; lastKnownFileType = sourcecode.c.objc; path = ViewController2.m; sourceTree = "<group>"; };
/* End PBXFileReference section */

/* Begin PBXFrameworksBuildPhase section */
		69ED719B1E13A1A400E88CEB /* Frameworks */ = {
			isa = PBXFrameworksBuildPhase;
			buildActionMask = 2147483647;
			files = (
			);
			runOnlyForDeploymentPostprocessing = 0;
		};
/* End PBXFrameworksBuildPhase section */

/* Begin PBXGroup section */
		691EEF521E2E01EA00F195C6 /* Verdor */ = {
			isa = PBXGroup;
			children = (
				691EEF671E2F88A200F195C6 /* AFNetworking */,
				691EEF531E2E01EA00F195C6 /* AsyncSocket */,
			);
			path = Verdor;
			sourceTree = "<group>";
		};
		691EEF531E2E01EA00F195C6 /* AsyncSocket */ = {
			isa = PBXGroup;
			children = (
				691EEF541E2E01EA00F195C6 /* CocoaAsyncSocket.h */,
				691EEF551E2E01EA00F195C6 /* GCD */,
			);
			path = AsyncSocket;
			sourceTree = "<group>";
		};
		691EEF551E2E01EA00F195C6 /* GCD */ = {
			isa = PBXGroup;
			children = (
				691EEF561E2E01EA00F195C6 /* Documentation.html */,
				691EEF571E2E01EA00F195C6 /* GCDAsyncSocket.h */,
				691EEF581E2E01EA00F195C6 /* GCDAsyncSocket.m */,
				691EEF591E2E01EA00F195C6 /* GCDAsyncUdpSocket.h */,
				691EEF5A1E2E01EA00F195C6 /* GCDAsyncUdpSocket.m */,
			);
			path = GCD;
			sourceTree = "<group>";
		};
		691EEF611E2F082A00F195C6 /* BT */ = {
			isa = PBXGroup;
			children = (
				691EEF621E2F082A00F195C6 /* BDecoder.h */,
				691EEF631E2F082A00F195C6 /* BDecoder.m */,
			);
			path = BT;
			sourceTree = "<group>";
		};
		691EEF671E2F88A200F195C6 /* AFNetworking */ = {
			isa = PBXGroup;
			children = (
				691EEF681E2F88A200F195C6 /* AFHTTPSessionManager.h */,
				691EEF691E2F88A200F195C6 /* AFHTTPSessionManager.m */,
				691EEF6A1E2F88A200F195C6 /* AFNetworking.h */,
				691EEF6B1E2F88A200F195C6 /* AFNetworkReachabilityManager.h */,
				691EEF6C1E2F88A200F195C6 /* AFNetworkReachabilityManager.m */,
				691EEF6D1E2F88A200F195C6 /* AFSecurityPolicy.h */,
				691EEF6E1E2F88A200F195C6 /* AFSecurityPolicy.m */,
				691EEF6F1E2F88A200F195C6 /* AFURLRequestSerialization.h */,
				691EEF701E2F88A200F195C6 /* AFURLRequestSerialization.m */,
				691EEF711E2F88A200F195C6 /* AFURLResponseSerialization.h */,
				691EEF721E2F88A200F195C6 /* AFURLResponseSerialization.m */,
				691EEF731E2F88A200F195C6 /* AFURLSessionManager.h */,
				691EEF741E2F88A200F195C6 /* AFURLSessionManager.m */,
			);
			path = AFNetworking;
			sourceTree = "<group>";
		};
		691EEF831E309E0D00F195C6 /* Model */ = {
			isa = PBXGroup;
			children = (
				691EEFE51E35EAA200F195C6 /* Tracker.h */,
				691EEFE61E35EAA200F195C6 /* Tracker.m */,
				691EEFE81E35EAC300F195C6 /* Announce.h */,
				691EEFE91E35EAC300F195C6 /* Announce.m */,
				691EEFAC1E31E6C500F195C6 /* NSObject+Entity.h */,
				691EEFAD1E31E6C500F195C6 /* NSObject+Entity.m */,
			);
			path = Model;
			sourceTree = "<group>";
		};
		691EEF941E31E61B00F195C6 /* Resource */ = {
			isa = PBXGroup;
			children = (
				691EEFAF1E32121000F195C6 /* 3DMGAME-The.Elder.Scrolls.V.Skyrim.Special.Edition.Cracked-3DM.torrent */,
				691EEF951E31E61B00F195C6 /* abc.txt */,
				691EEF961E31E61B00F195C6 /* Assets.xcassets */,
				691EEF971E31E61B00F195C6 /* LaunchScreen.storyboard */,
				691EEF991E31E61B00F195C6 /* Main.storyboard */,
				691EEF9B1E31E61B00F195C6 /* Info.plist */,
				691EEF9C1E31E61B00F195C6 /* main.m */,
				691EEF9D1E31E61B00F195C6 /* shadowhunters the mortal instruments s02e02 hdtv x264-fleeteztv mkv.torrent */,
				691EEF9E1E31E61B00F195C6 /* test 2.txt */,
				691EEF9F1E31E61B00F195C6 /* test.torrent */,
				691EEFA01E31E61B00F195C6 /* 功夫熊猫3.Kung.Fu.Panda.3.2016.Bluray.1080p.DTS-HD-7.1.x264-Grym.13.26GB[BTBT.INFO].torrent */,
				691EEFAB1E31E65400F195C6 /* PrefixHeader.pch */,
			);
			path = Resource;
			sourceTree = "<group>";
		};
		691EEFE11E35AFDD00F195C6 /* Net */ = {
			isa = PBXGroup;
			children = (
				691EEFE21E35CD8D00F195C6 /* NetManager.h */,
				691EEFE31E35CD8D00F195C6 /* NetManager.m */,
			);
			path = Net;
			sourceTree = "<group>";
		};
		69ED71951E13A1A400E88CEB = {
			isa = PBXGroup;
			children = (
				691EEFE11E35AFDD00F195C6 /* Net */,
				691EEF941E31E61B00F195C6 /* Resource */,
				691EEF831E309E0D00F195C6 /* Model */,
				691EEF611E2F082A00F195C6 /* BT */,
				691EEF521E2E01EA00F195C6 /* Verdor */,
				69ED71A01E13A1A400E88CEB /* DingHaoReader */,
				69ED719F1E13A1A400E88CEB /* Products */,
			);
			sourceTree = "<group>";
		};
		69ED719F1E13A1A400E88CEB /* Products */ = {
			isa = PBXGroup;
			children = (
				69ED719E1E13A1A400E88CEB /* DingHaoReader.app */,
			);
			name = Products;
			sourceTree = "<group>";
		};
		69ED71A01E13A1A400E88CEB /* DingHaoReader */ = {
			isa = PBXGroup;
			children = (
				69ED71A41E13A1A400E88CEB /* AppDelegate.h */,
				69ED71A51E13A1A400E88CEB /* AppDelegate.m */,
				69ED71A71E13A1A400E88CEB /* ViewController.h */,
				69ED71A81E13A1A400E88CEB /* ViewController.m */,
				69ED71B81E13AC4000E88CEB /* ViewController2.h */,
				69ED71B91E13AC4000E88CEB /* ViewController2.m */,
			);
			path = DingHaoReader;
			sourceTree = "<group>";
		};
/* End PBXGroup section */

/* Begin PBXNativeTarget section */
		69ED719D1E13A1A400E88CEB /* DingHaoReader */ = {
			isa = PBXNativeTarget;
			buildConfigurationList = 69ED71B51E13A1A500E88CEB /* Build configuration list for PBXNativeTarget "DingHaoReader" */;
			buildPhases = (
				69ED719A1E13A1A400E88CEB /* Sources */,
				69ED719B1E13A1A400E88CEB /* Frameworks */,
				69ED719C1E13A1A400E88CEB /* Resources */,
			);
			buildRules = (
			);
			dependencies = (
			);
			name = DingHaoReader;
			productName = DingHaoReader;
			productReference = 69ED719E1E13A1A400E88CEB /* DingHaoReader.app */;
			productType = "com.apple.product-type.application";
		};
/* End PBXNativeTarget section */

/* Begin PBXProject section */
		69ED71961E13A1A400E88CEB /* Project object */ = {
			isa = PBXProject;
			attributes = {
				LastUpgradeCheck = 0800;
				ORGANIZATIONNAME = LYC;
				TargetAttributes = {
					69ED719D1E13A1A400E88CEB = {
						CreatedOnToolsVersion = 8.0;
						ProvisioningStyle = Automatic;
					};
				};
			};
			buildConfigurationList = 69ED71991E13A1A400E88CEB /* Build configuration list for PBXProject "DingHaoReader" */;
			compatibilityVersion = "Xcode 3.2";
			developmentRegion = English;
			hasScannedForEncodings = 0;
			knownRegions = (
				en,
				Base,
			);
			mainGroup = 69ED71951E13A1A400E88CEB;
			productRefGroup = 69ED719F1E13A1A400E88CEB /* Products */;
			projectDirPath = "";
			projectRoot = "";
			targets = (
				69ED719D1E13A1A400E88CEB /* DingHaoReader */,
			);
		};
/* End PBXProject section */

/* Begin PBXResourcesBuildPhase section */
		69ED719C1E13A1A400E88CEB /* Resources */ = {
			isa = PBXResourcesBuildPhase;
			buildActionMask = 2147483647;
			files = (
				691EEFA51E31E61B00F195C6 /* Info.plist in Resources */,
				691EEFAA1E31E61B00F195C6 /* 功夫熊猫3.Kung.Fu.Panda.3.2016.Bluray.1080p.DTS-HD-7.1.x264-Grym.13.26GB[BTBT.INFO].torrent in Resources */,
				691EEFA41E31E61B00F195C6 /* Main.storyboard in Resources */,
				691EEFB01E32121000F195C6 /* 3DMGAME-The.Elder.Scrolls.V.Skyrim.Special.Edition.Cracked-3DM.torrent in Resources */,
				691EEF5B1E2E01EA00F195C6 /* Documentation.html in Resources */,
				691EEFA31E31E61B00F195C6 /* LaunchScreen.storyboard in Resources */,
				691EEFA11E31E61B00F195C6 /* abc.txt in Resources */,
				691EEFA21E31E61B00F195C6 /* Assets.xcassets in Resources */,
				691EEFA81E31E61B00F195C6 /* test 2.txt in Resources */,
				691EEFA91E31E61B00F195C6 /* test.torrent in Resources */,
				691EEFA71E31E61B00F195C6 /* shadowhunters the mortal instruments s02e02 hdtv x264-fleeteztv mkv.torrent in Resources */,
			);
			runOnlyForDeploymentPostprocessing = 0;
		};
/* End PBXResourcesBuildPhase section */

/* Begin PBXSourcesBuildPhase section */
		69ED719A1E13A1A400E88CEB /* Sources */ = {
			isa = PBXSourcesBuildPhase;
			buildActionMask = 2147483647;
			files = (
				691EEFE71E35EAA200F195C6 /* Tracker.m in Sources */,
				69ED71A91E13A1A400E88CEB /* ViewController.m in Sources */,
				691EEF761E2F88A200F195C6 /* AFNetworkReachabilityManager.m in Sources */,
				691EEF5C1E2E01EA00F195C6 /* GCDAsyncSocket.m in Sources */,
				69ED71BA1E13AC4000E88CEB /* ViewController2.m in Sources */,
				69ED71A61E13A1A400E88CEB /* AppDelegate.m in Sources */,
				691EEFA61E31E61B00F195C6 /* main.m in Sources */,
				691EEFE41E35CD8D00F195C6 /* NetManager.m in Sources */,
				691EEF641E2F082A00F195C6 /* BDecoder.m in Sources */,
				691EEF771E2F88A200F195C6 /* AFSecurityPolicy.m in Sources */,
				691EEF781E2F88A200F195C6 /* AFURLRequestSerialization.m in Sources */,
				691EEF5D1E2E01EA00F195C6 /* GCDAsyncUdpSocket.m in Sources */,
				691EEF791E2F88A200F195C6 /* AFURLResponseSerialization.m in Sources */,
				691EEFEA1E35EAC300F195C6 /* Announce.m in Sources */,
				691EEFAE1E31E6C500F195C6 /* NSObject+Entity.m in Sources */,
				691EEF7A1E2F88A200F195C6 /* AFURLSessionManager.m in Sources */,
				691EEF751E2F88A200F195C6 /* AFHTTPSessionManager.m in Sources */,
			);
			runOnlyForDeploymentPostprocessing = 0;
		};
/* End PBXSourcesBuildPhase section */

/* Begin PBXVariantGroup section */
		691EEF971E31E61B00F195C6 /* LaunchScreen.storyboard */ = {
			isa = PBXVariantGroup;
			children = (
				691EEF981E31E61B00F195C6 /* Base */,
			);
			name = LaunchScreen.storyboard;
			sourceTree = "<group>";
		};
		691EEF991E31E61B00F195C6 /* Main.storyboard */ = {
			isa = PBXVariantGroup;
			children = (
				691EEF9A1E31E61B00F195C6 /* Base */,
			);
			name = Main.storyboard;
			sourceTree = "<group>";
		};
/* End PBXVariantGroup section */

/* Begin XCBuildConfiguration section */
		69ED71B31E13A1A500E88CEB /* Debug */ = {
			isa = XCBuildConfiguration;
			buildSettings = {
				ALWAYS_SEARCH_USER_PATHS = NO;
				CLANG_ANALYZER_NONNULL = YES;
				CLANG_CXX_LANGUAGE_STANDARD = "gnu++0x";
				CLANG_CXX_LIBRARY = "libc++";
				CLANG_ENABLE_MODULES = YES;
				CLANG_ENABLE_OBJC_ARC = YES;
				CLANG_WARN_BOOL_CONVERSION = YES;
				CLANG_WARN_CONSTANT_CONVERSION = YES;
				CLANG_WARN_DIRECT_OBJC_ISA_USAGE = YES_ERROR;
				CLANG_WARN_DOCUMENTATION_COMMENTS = YES;
				CLANG_WARN_EMPTY_BODY = YES;
				CLANG_WARN_ENUM_CONVERSION = YES;
				CLANG_WARN_INFINITE_RECURSION = YES;
				CLANG_WARN_INT_CONVERSION = YES;
				CLANG_WARN_OBJC_ROOT_CLASS = YES_ERROR;
				CLANG_WARN_SUSPICIOUS_MOVES = YES;
				CLANG_WARN_UNREACHABLE_CODE = YES;
				CLANG_WARN__DUPLICATE_METHOD_MATCH = YES;
				"CODE_SIGN_IDENTITY[sdk=iphoneos*]" = "iPhone Developer";
				COPY_PHASE_STRIP = NO;
				DEBUG_INFORMATION_FORMAT = dwarf;
				ENABLE_STRICT_OBJC_MSGSEND = YES;
				ENABLE_TESTABILITY = YES;
				GCC_C_LANGUAGE_STANDARD = gnu99;
				GCC_DYNAMIC_NO_PIC = NO;
				GCC_NO_COMMON_BLOCKS = YES;
				GCC_OPTIMIZATION_LEVEL = 0;
				GCC_PREPROCESSOR_DEFINITIONS = (
					"DEBUG=1",
					"$(inherited)",
				);
				GCC_WARN_64_TO_32_BIT_CONVERSION = YES;
				GCC_WARN_ABOUT_RETURN_TYPE = YES_ERROR;
				GCC_WARN_UNDECLARED_SELECTOR = YES;
				GCC_WARN_UNINITIALIZED_AUTOS = YES_AGGRESSIVE;
				GCC_WARN_UNUSED_FUNCTION = YES;
				GCC_WARN_UNUSED_VARIABLE = YES;
				IPHONEOS_DEPLOYMENT_TARGET = 10.0;
				MTL_ENABLE_DEBUG_INFO = YES;
				ONLY_ACTIVE_ARCH = YES;
				SDKROOT = iphoneos;
			};
			name = Debug;
		};
		69ED71B41E13A1A500E88CEB /* Release */ = {
			isa = XCBuildConfiguration;
			buildSettings = {
				ALWAYS_SEARCH_USER_PATHS = NO;
				CLANG_ANALYZER_NONNULL = YES;
				CLANG_CXX_LANGUAGE_STANDARD = "gnu++0x";
				CLANG_CXX_LIBRARY = "libc++";
				CLANG_ENABLE_MODULES = YES;
				CLANG_ENABLE_OBJC_ARC = YES;
				CLANG_WARN_BOOL_CONVERSION = YES;
				CLANG_WARN_CONSTANT_CONVERSION = YES;
				CLANG_WARN_DIRECT_OBJC_ISA_USAGE = YES_ERROR;
				CLANG_WARN_DOCUMENTATION_COMMENTS = YES;
				CLANG_WARN_EMPTY_BODY = YES;
				CLANG_WARN_ENUM_CONVERSION = YES;
				CLANG_WARN_INFINITE_RECURSION = YES;
				CLANG_WARN_INT_CONVERSION = YES;
				CLANG_WARN_OBJC_ROOT_CLASS = YES_ERROR;
				CLANG_WARN_SUSPICIOUS_MOVES = YES;
				CLANG_WARN_UNREACHABLE_CODE = YES;
				CLANG_WARN__DUPLICATE_METHOD_MATCH = YES;
				"CODE_SIGN_IDENTITY[sdk=iphoneos*]" = "iPhone Developer";
				COPY_PHASE_STRIP = NO;
				DEBUG_INFORMATION_FORMAT = "dwarf-with-dsym";
				ENABLE_NS_ASSERTIONS = NO;
				ENABLE_STRICT_OBJC_MSGSEND = YES;
				GCC_C_LANGUAGE_STANDARD = gnu99;
				GCC_NO_COMMON_BLOCKS = YES;
				GCC_WARN_64_TO_32_BIT_CONVERSION = YES;
				GCC_WARN_ABOUT_RETURN_TYPE = YES_ERROR;
				GCC_WARN_UNDECLARED_SELECTOR = YES;
				GCC_WARN_UNINITIALIZED_AUTOS = YES_AGGRESSIVE;
				GCC_WARN_UNUSED_FUNCTION = YES;
				GCC_WARN_UNUSED_VARIABLE = YES;
				IPHONEOS_DEPLOYMENT_TARGET = 10.0;
				MTL_ENABLE_DEBUG_INFO = NO;
				SDKROOT = iphoneos;
				VALIDATE_PRODUCT = YES;
			};
			name = Release;
		};
		69ED71B61E13A1A500E88CEB /* Debug */ = {
			isa = XCBuildConfiguration;
			buildSettings = {
				ASSETCATALOG_COMPILER_APPICON_NAME = AppIcon;
				GCC_PREFIX_HEADER = Resource/PrefixHeader.pch;
				INFOPLIST_FILE = Resource/Info.plist;
				LD_RUNPATH_SEARCH_PATHS = "$(inherited) @executable_path/Frameworks";
				PRODUCT_BUNDLE_IDENTIFIER = LYC.DingHaoReader;
				PRODUCT_NAME = "$(TARGET_NAME)";
			};
			name = Debug;
		};
		69ED71B71E13A1A500E88CEB /* Release */ = {
			isa = XCBuildConfiguration;
			buildSettings = {
				ASSETCATALOG_COMPILER_APPICON_NAME = AppIcon;
				GCC_PREFIX_HEADER = Resource/PrefixHeader.pch;
				INFOPLIST_FILE = Resource/Info.plist;
				LD_RUNPATH_SEARCH_PATHS = "$(inherited) @executable_path/Frameworks";
				PRODUCT_BUNDLE_IDENTIFIER = LYC.DingHaoReader;
				PRODUCT_NAME = "$(TARGET_NAME)";
			};
			name = Release;
		};
/* End XCBuildConfiguration section */

/* Begin XCConfigurationList section */
		69ED71991E13A1A400E88CEB /* Build configuration list for PBXProject "DingHaoReader" */ = {
			isa = XCConfigurationList;
			buildConfigurations = (
				69ED71B31E13A1A500E88CEB /* Debug */,
				69ED71B41E13A1A500E88CEB /* Release */,
			);
			defaultConfigurationIsVisible = 0;
			defaultConfigurationName = Release;
		};
		69ED71B51E13A1A500E88CEB /* Build configuration list for PBXNativeTarget "DingHaoReader" */ = {
			isa = XCConfigurationList;
			buildConfigurations = (
				69ED71B61E13A1A500E88CEB /* Debug */,
				69ED71B71E13A1A500E88CEB /* Release */,
			);
			defaultConfigurationIsVisible = 0;
			defaultConfigurationName = Release;
		};
/* End XCConfigurationList section */
	};
	rootObject = 69ED71961E13A1A400E88CEB /* Project object */;
}
